
Microsoft Visual Studio Solution File, Format Version 12.00
# Visual Studio Version 16
VisualStudioVersion = 16.0.31911.196
MinimumVisualStudioVersion = 10.0.40219.1
Project("{FAE04EC0-301F-11D3-BF4B-00C04F79EFBC}") = "VirtualKeyboard", "VirtualKeyboard\VirtualKeyboard.csproj", "{496FFE05-D20D-43B5-853E-816E671D174F}"
EndProject
Global
	GlobalSection(SolutionConfigurationPlatforms) = preSolution
		Debug|Any CPU = Debug|Any CPU
		Release|Any CPU = Release|Any CPU
	EndGlobalSection
	GlobalSection(ProjectConfigurationPlatforms) = postSolution
		{496FFE05-D20D-43B5-853E-816E671D174F}.Debug|Any CPU.ActiveCfg = Debug|Any CPU
		{496FFE05-D20D-43B5-853E-816E671D174F}.Debug|Any CPU.Build.0 = Debug|Any CPU
		{496FFE05-D20D-43B5-853E-816E671D174F}.Release|Any CPU.ActiveCfg = Release|Any CPU
		{496FFE05-D20D-43B5-853E-816E671D174F}.Release|Any CPU.Build.0 = Release|Any CPU
	EndGlobalSection
	GlobalSection(SolutionProperties) = preSolution
		HideSolutionNode = FALSE
	EndGlobalSection
	GlobalSection(ExtensibilityGlobals) = postSolution
		SolutionGuid = {0E2264E0-1241-42F7-B4E7-A6609F7A36E4}
	EndGlobalSection
EndGlobal
